
Microsoft Visual Studio Solution File, Format Version 12.00
# Visual Studio Version 16
VisualStudioVersion = 16.0.31624.102
MinimumVisualStudioVersion = 10.0.40219.1
Project("{FAE04EC0-301F-11D3-BF4B-00C04F79EFBC}") = "UC3-AddPartTimeEmployee", "UC3-AddPartTimeEmployee\UC3-AddPartTimeEmployee.csproj", "{174613ED-2998-4D00-B704-2AE5FFC135D8}"
EndProject
Global
	GlobalSection(SolutionConfigurationPlatforms) = preSolution
		Debug|Any CPU = Debug|Any CPU
		Release|Any CPU = Release|Any CPU
	EndGlobalSection
	GlobalSection(ProjectConfigurationPlatforms) = postSolution
		{174613ED-2998-4D00-B704-2AE5FFC135D8}.Debug|Any CPU.ActiveCfg = Debug|Any CPU
		{174613ED-2998-4D00-B704-2AE5FFC135D8}.Debug|Any CPU.Build.0 = Debug|Any CPU
		{174613ED-2998-4D00-B704-2AE5FFC135D8}.Release|Any CPU.ActiveCfg = Release|Any CPU
		{174613ED-2998-4D00-B704-2AE5FFC135D8}.Release|Any CPU.Build.0 = Release|Any CPU
	EndGlobalSection
	GlobalSection(SolutionProperties) = preSolution
		HideSolutionNode = FALSE
	EndGlobalSection
	GlobalSection(ExtensibilityGlobals) = postSolution
		SolutionGuid = {D8AE2A19-551C-4640-B24B-93C5A8835DE7}
	EndGlobalSection
EndGlobal
